
Microsoft Visual Studio Solution File, Format Version 12.00
# Visual Studio Version 17
VisualStudioVersion = 17.7.34031.279
MinimumVisualStudioVersion = 10.0.40219.1
Project("{FAE04EC0-301F-11D3-BF4B-00C04F79EFBC}") = "VulkanLearning", "VulkanLearning\VulkanLearning.csproj", "{7C80632E-7525-4799-BB2D-20A926C0983E}"
EndProject
Global
	GlobalSection(SolutionConfigurationPlatforms) = preSolution
		Debug|Any CPU = Debug|Any CPU
		Release|Any CPU = Release|Any CPU
	EndGlobalSection
	GlobalSection(ProjectConfigurationPlatforms) = postSolution
		{7C80632E-7525-4799-BB2D-20A926C0983E}.Debug|Any CPU.ActiveCfg = Debug|Any CPU
		{7C80632E-7525-4799-BB2D-20A926C0983E}.Debug|Any CPU.Build.0 = Debug|Any CPU
		{7C80632E-7525-4799-BB2D-20A926C0983E}.Release|Any CPU.ActiveCfg = Release|Any CPU
		{7C80632E-7525-4799-BB2D-20A926C0983E}.Release|Any CPU.Build.0 = Release|Any CPU
	EndGlobalSection
	GlobalSection(SolutionProperties) = preSolution
		HideSolutionNode = FALSE
	EndGlobalSection
	GlobalSection(ExtensibilityGlobals) = postSolution
		SolutionGuid = {9B88B3D7-523D-48DA-A4E5-8F0299472FE3}
	EndGlobalSection
EndGlobal
